// !$*UTF8*$!
{
	archiveVersion = 1;
	classes = {
	};
	objectVersion = 50;
	objects = {

/* Begin PBXBuildFile section */
		661ECC202413D9C00048B237 /* main.cpp in Sources */ = {isa = PBXBuildFile; fileRef = 661ECC1A2413D9C00048B237 /* main.cpp */; };
		661ECC212413D9C00048B237 /* Card.cpp in Sources */ = {isa = PBXBuildFile; fileRef = 661ECC1D2413D9C00048B237 /* Card.cpp */; };
		661ECC222413D9C00048B237 /* Deck.cpp in Sources */ = {isa = PBXBuildFile; fileRef = 661ECC1E2413D9C00048B237 /* Deck.cpp */; };
		661ECC252413DA7F0048B237 /* Game.cpp in Sources */ = {isa = PBXBuildFile; fileRef = 661ECC232413DA7F0048B237 /* Game.cpp */; };
		6644470124152C8500800420 /* liballegro_main.5.2.6.dylib in Frameworks */ = {isa = PBXBuildFile; fileRef = 664446FF24152C8400800420 /* liballegro_main.5.2.6.dylib */; };
		6644470224152C8500800420 /* liballegro.5.2.6.dylib in Frameworks */ = {isa = PBXBuildFile; fileRef = 6644470024152C8400800420 /* liballegro.5.2.6.dylib */; };
		6644470324152C8900800420 /* liballegro_main.5.2.6.dylib in Embed Libraries */ = {isa = PBXBuildFile; fileRef = 664446FF24152C8400800420 /* liballegro_main.5.2.6.dylib */; settings = {ATTRIBUTES = (CodeSignOnCopy, ); }; };
		6644470524152C8A00800420 /* liballegro.5.2.6.dylib in Embed Libraries */ = {isa = PBXBuildFile; fileRef = 6644470024152C8400800420 /* liballegro.5.2.6.dylib */; settings = {ATTRIBUTES = (CodeSignOnCopy, ); }; };
		664447092415323200800420 /* GameDisplay.cpp in Sources */ = {isa = PBXBuildFile; fileRef = 664447072415323200800420 /* GameDisplay.cpp */; };
		6644470C2415363700800420 /* liballegro_ttf.5.2.6.dylib in Embed Libraries */ = {isa = PBXBuildFile; fileRef = 6644470A2415363600800420 /* liballegro_ttf.5.2.6.dylib */; settings = {ATTRIBUTES = (CodeSignOnCopy, ); }; };
		6644470D2415363700800420 /* liballegro_font.5.2.6.dylib in Embed Libraries */ = {isa = PBXBuildFile; fileRef = 6644470B2415363600800420 /* liballegro_font.5.2.6.dylib */; settings = {ATTRIBUTES = (CodeSignOnCopy, ); }; };
		664447102415366F00800420 /* liballegro_font.5.2.6.dylib in Frameworks */ = {isa = PBXBuildFile; fileRef = 6644470B2415363600800420 /* liballegro_font.5.2.6.dylib */; };
		664447112415366F00800420 /* liballegro_ttf.5.2.6.dylib in Frameworks */ = {isa = PBXBuildFile; fileRef = 6644470A2415363600800420 /* liballegro_ttf.5.2.6.dylib */; };
		6644471324153FDD00800420 /* liballegro_primitives.5.2.6.dylib in Frameworks */ = {isa = PBXBuildFile; fileRef = 6644471224153FDD00800420 /* liballegro_primitives.5.2.6.dylib */; };
		6644471424153FE200800420 /* liballegro_primitives.5.2.6.dylib in Embed Libraries */ = {isa = PBXBuildFile; fileRef = 6644471224153FDD00800420 /* liballegro_primitives.5.2.6.dylib */; settings = {ATTRIBUTES = (CodeSignOnCopy, ); }; };
		6644471624154D8F00800420 /* liballegro_image.5.2.6.dylib in Frameworks */ = {isa = PBXBuildFile; fileRef = 6644471524154D8F00800420 /* liballegro_image.5.2.6.dylib */; };
		6644471724154D9300800420 /* liballegro_image.5.2.6.dylib in Embed Libraries */ = {isa = PBXBuildFile; fileRef = 6644471524154D8F00800420 /* liballegro_image.5.2.6.dylib */; settings = {ATTRIBUTES = (CodeSignOnCopy, ); }; };
		669D85342417B463000C6403 /* WelcomeDisplay.cpp in Sources */ = {isa = PBXBuildFile; fileRef = 669D85322417B463000C6403 /* WelcomeDisplay.cpp */; };
		669D85372417B4A5000C6403 /* FinalDisplay.cpp in Sources */ = {isa = PBXBuildFile; fileRef = 669D85352417B4A5000C6403 /* FinalDisplay.cpp */; };
		66ABECED241BD3FB0079698D /* liballegro_acodec.5.2.6.dylib in Frameworks */ = {isa = PBXBuildFile; fileRef = 66ABECEC241BD3FB0079698D /* liballegro_acodec.5.2.6.dylib */; };
		66ABECEE241BD3FF0079698D /* liballegro_acodec.5.2.6.dylib in Embed Libraries */ = {isa = PBXBuildFile; fileRef = 66ABECEC241BD3FB0079698D /* liballegro_acodec.5.2.6.dylib */; settings = {ATTRIBUTES = (CodeSignOnCopy, ); }; };
		66C5818E241BCA95008AC38E /* liballegro_audio.5.2.6.dylib in Frameworks */ = {isa = PBXBuildFile; fileRef = 66C5818D241BCA95008AC38E /* liballegro_audio.5.2.6.dylib */; };
		66C5818F241BCA9D008AC38E /* liballegro_audio.5.2.6.dylib in Embed Libraries */ = {isa = PBXBuildFile; fileRef = 66C5818D241BCA95008AC38E /* liballegro_audio.5.2.6.dylib */; settings = {ATTRIBUTES = (CodeSignOnCopy, ); }; };
/* End PBXBuildFile section */

/* Begin PBXCopyFilesBuildPhase section */
		661ECC062413D8FD0048B237 /* CopyFiles */ = {
			isa = PBXCopyFilesBuildPhase;
			buildActionMask = 2147483647;
			dstPath = /usr/share/man/man1/;
			dstSubfolderSpec = 0;
			files = (
			);
			runOnlyForDeploymentPostprocessing = 1;
		};
		6644470424152C8900800420 /* Embed Libraries */ = {
			isa = PBXCopyFilesBuildPhase;
			buildActionMask = 2147483647;
			dstPath = "";
			dstSubfolderSpec = 10;
			files = (
				6644471724154D9300800420 /* liballegro_image.5.2.6.dylib in Embed Libraries */,
				66ABECEE241BD3FF0079698D /* liballegro_acodec.5.2.6.dylib in Embed Libraries */,
				66C5818F241BCA9D008AC38E /* liballegro_audio.5.2.6.dylib in Embed Libraries */,
				6644470C2415363700800420 /* liballegro_ttf.5.2.6.dylib in Embed Libraries */,
				6644470D2415363700800420 /* liballegro_font.5.2.6.dylib in Embed Libraries */,
				6644470524152C8A00800420 /* liballegro.5.2.6.dylib in Embed Libraries */,
				6644471424153FE200800420 /* liballegro_primitives.5.2.6.dylib in Embed Libraries */,
				6644470324152C8900800420 /* liballegro_main.5.2.6.dylib in Embed Libraries */,
			);
			name = "Embed Libraries";
			runOnlyForDeploymentPostprocessing = 0;
		};
/* End PBXCopyFilesBuildPhase section */

/* Begin PBXFileReference section */
		661ECC082413D8FD0048B237 /* MemoryGame */ = {isa = PBXFileReference; explicitFileType = "compiled.mach-o.executable"; includeInIndex = 0; path = MemoryGame; sourceTree = BUILT_PRODUCTS_DIR; };
		661ECC1A2413D9C00048B237 /* main.cpp */ = {isa = PBXFileReference; fileEncoding = 4; lastKnownFileType = sourcecode.cpp.cpp; path = main.cpp; sourceTree = "<group>"; };
		661ECC1C2413D9C00048B237 /* Card.h */ = {isa = PBXFileReference; fileEncoding = 4; lastKnownFileType = sourcecode.c.h; path = Card.h; sourceTree = "<group>"; };
		661ECC1D2413D9C00048B237 /* Card.cpp */ = {isa = PBXFileReference; fileEncoding = 4; lastKnownFileType = sourcecode.cpp.cpp; path = Card.cpp; sourceTree = "<group>"; };
		661ECC1E2413D9C00048B237 /* Deck.cpp */ = {isa = PBXFileReference; fileEncoding = 4; lastKnownFileType = sourcecode.cpp.cpp; path = Deck.cpp; sourceTree = "<group>"; };
		661ECC1F2413D9C00048B237 /* Deck.h */ = {isa = PBXFileReference; fileEncoding = 4; lastKnownFileType = sourcecode.c.h; path = Deck.h; sourceTree = "<group>"; };
		661ECC232413DA7F0048B237 /* Game.cpp */ = {isa = PBXFileReference; lastKnownFileType = sourcecode.cpp.cpp; path = Game.cpp; sourceTree = "<group>"; };
		661ECC242413DA7F0048B237 /* Game.h */ = {isa = PBXFileReference; lastKnownFileType = sourcecode.c.h; path = Game.h; sourceTree = "<group>"; };
		664446FF24152C8400800420 /* liballegro_main.5.2.6.dylib */ = {isa = PBXFileReference; lastKnownFileType = "compiled.mach-o.dylib"; name = liballegro_main.5.2.6.dylib; path = ../../../../../../../../../usr/local/Cellar/allegro/5.2.6.0/lib/liballegro_main.5.2.6.dylib; sourceTree = "<group>"; };
		6644470024152C8400800420 /* liballegro.5.2.6.dylib */ = {isa = PBXFileReference; lastKnownFileType = "compiled.mach-o.dylib"; name = liballegro.5.2.6.dylib; path = ../../../../../../../../../usr/local/Cellar/allegro/5.2.6.0/lib/liballegro.5.2.6.dylib; sourceTree = "<group>"; };
		6644470624152DB200800420 /* MemoryGame.entitlements */ = {isa = PBXFileReference; lastKnownFileType = text.plist.entitlements; path = MemoryGame.entitlements; sourceTree = "<group>"; };
		664447072415323200800420 /* GameDisplay.cpp */ = {isa = PBXFileReference; lastKnownFileType = sourcecode.cpp.cpp; path = GameDisplay.cpp; sourceTree = "<group>"; };
		664447082415323200800420 /* GameDisplay.h */ = {isa = PBXFileReference; lastKnownFileType = sourcecode.c.h; path = GameDisplay.h; sourceTree = "<group>"; };
		6644470A2415363600800420 /* liballegro_ttf.5.2.6.dylib */ = {isa = PBXFileReference; lastKnownFileType = "compiled.mach-o.dylib"; name = liballegro_ttf.5.2.6.dylib; path = ../../../../../../../../../usr/local/Cellar/allegro/5.2.6.0/lib/liballegro_ttf.5.2.6.dylib; sourceTree = "<group>"; };
		6644470B2415363600800420 /* liballegro_font.5.2.6.dylib */ = {isa = PBXFileReference; lastKnownFileType = "compiled.mach-o.dylib"; name = liballegro_font.5.2.6.dylib; path = ../../../../../../../../../usr/local/Cellar/allegro/5.2.6.0/lib/liballegro_font.5.2.6.dylib; sourceTree = "<group>"; };
		6644470E2415363B00800420 /* liballegro_ttf.5.2.6.dylib */ = {isa = PBXFileReference; lastKnownFileType = "compiled.mach-o.dylib"; path = liballegro_ttf.5.2.6.dylib; sourceTree = "<group>"; };
		6644470F2415363F00800420 /* liballegro_font.5.2.6.dylib */ = {isa = PBXFileReference; lastKnownFileType = "compiled.mach-o.dylib"; path = liballegro_font.5.2.6.dylib; sourceTree = "<group>"; };
		6644471224153FDD00800420 /* liballegro_primitives.5.2.6.dylib */ = {isa = PBXFileReference; lastKnownFileType = "compiled.mach-o.dylib"; name = liballegro_primitives.5.2.6.dylib; path = ../../../../../../../../../usr/local/Cellar/allegro/5.2.6.0/lib/liballegro_primitives.5.2.6.dylib; sourceTree = "<group>"; };
		6644471524154D8F00800420 /* liballegro_image.5.2.6.dylib */ = {isa = PBXFileReference; lastKnownFileType = "compiled.mach-o.dylib"; name = liballegro_image.5.2.6.dylib; path = ../../../../../../../../../usr/local/Cellar/allegro/5.2.6.0/lib/liballegro_image.5.2.6.dylib; sourceTree = "<group>"; };
		669D85322417B463000C6403 /* WelcomeDisplay.cpp */ = {isa = PBXFileReference; lastKnownFileType = sourcecode.cpp.cpp; path = WelcomeDisplay.cpp; sourceTree = "<group>"; };
		669D85332417B463000C6403 /* WelcomeDisplay.h */ = {isa = PBXFileReference; lastKnownFileType = sourcecode.c.h; path = WelcomeDisplay.h; sourceTree = "<group>"; };
		669D85352417B4A5000C6403 /* FinalDisplay.cpp */ = {isa = PBXFileReference; lastKnownFileType = sourcecode.cpp.cpp; path = FinalDisplay.cpp; sourceTree = "<group>"; };
		669D85362417B4A5000C6403 /* FinalDisplay.h */ = {isa = PBXFileReference; lastKnownFileType = sourcecode.c.h; path = FinalDisplay.h; sourceTree = "<group>"; };
		66ABECEC241BD3FB0079698D /* liballegro_acodec.5.2.6.dylib */ = {isa = PBXFileReference; lastKnownFileType = "compiled.mach-o.dylib"; name = liballegro_acodec.5.2.6.dylib; path = ../../../../../../../../../usr/local/Cellar/allegro/5.2.6.0/lib/liballegro_acodec.5.2.6.dylib; sourceTree = "<group>"; };
		66C5818D241BCA95008AC38E /* liballegro_audio.5.2.6.dylib */ = {isa = PBXFileReference; lastKnownFileType = "compiled.mach-o.dylib"; name = liballegro_audio.5.2.6.dylib; path = ../../../../../../../../../usr/local/Cellar/allegro/5.2.6.0/lib/liballegro_audio.5.2.6.dylib; sourceTree = "<group>"; };
/* End PBXFileReference section */

/* Begin PBXFrameworksBuildPhase section */
		661ECC052413D8FD0048B237 /* Frameworks */ = {
			isa = PBXFrameworksBuildPhase;
			buildActionMask = 2147483647;
			files = (
				66ABECED241BD3FB0079698D /* liballegro_acodec.5.2.6.dylib in Frameworks */,
				66C5818E241BCA95008AC38E /* liballegro_audio.5.2.6.dylib in Frameworks */,
				6644471624154D8F00800420 /* liballegro_image.5.2.6.dylib in Frameworks */,
				6644471324153FDD00800420 /* liballegro_primitives.5.2.6.dylib in Frameworks */,
				664447102415366F00800420 /* liballegro_font.5.2.6.dylib in Frameworks */,
				664447112415366F00800420 /* liballegro_ttf.5.2.6.dylib in Frameworks */,
				6644470124152C8500800420 /* liballegro_main.5.2.6.dylib in Frameworks */,
				6644470224152C8500800420 /* liballegro.5.2.6.dylib in Frameworks */,
			);
			runOnlyForDeploymentPostprocessing = 0;
		};
/* End PBXFrameworksBuildPhase section */

/* Begin PBXGroup section */
		661ECBFF2413D8FD0048B237 = {
			isa = PBXGroup;
			children = (
				6644470B2415363600800420 /* liballegro_font.5.2.6.dylib */,
				6644470A2415363600800420 /* liballegro_ttf.5.2.6.dylib */,
				661ECC0A2413D8FD0048B237 /* MemoryGame */,
				661ECC092413D8FD0048B237 /* Products */,
				6672B98D2413F77E00AF6433 /* Frameworks */,
			);
			sourceTree = "<group>";
		};
		661ECC092413D8FD0048B237 /* Products */ = {
			isa = PBXGroup;
			children = (
				661ECC082413D8FD0048B237 /* MemoryGame */,
			);
			name = Products;
			sourceTree = "<group>";
		};
		661ECC0A2413D8FD0048B237 /* MemoryGame */ = {
			isa = PBXGroup;
			children = (
				6644470624152DB200800420 /* MemoryGame.entitlements */,
				6672B9B2241404CA00AF6433 /* Graphics */,
				6672B9B1241404BD00AF6433 /* Engine */,
			);
			path = MemoryGame;
			sourceTree = "<group>";
		};
		6672B98D2413F77E00AF6433 /* Frameworks */ = {
			isa = PBXGroup;
			children = (
				66ABECEC241BD3FB0079698D /* liballegro_acodec.5.2.6.dylib */,
				66C5818D241BCA95008AC38E /* liballegro_audio.5.2.6.dylib */,
				6644471524154D8F00800420 /* liballegro_image.5.2.6.dylib */,
				6644471224153FDD00800420 /* liballegro_primitives.5.2.6.dylib */,
				664446FF24152C8400800420 /* liballegro_main.5.2.6.dylib */,
				6644470024152C8400800420 /* liballegro.5.2.6.dylib */,
				6644470E2415363B00800420 /* liballegro_ttf.5.2.6.dylib */,
				6644470F2415363F00800420 /* liballegro_font.5.2.6.dylib */,
			);
			name = Frameworks;
			sourceTree = "<group>";
		};
		6672B9B1241404BD00AF6433 /* Engine */ = {
			isa = PBXGroup;
			children = (
				661ECC1A2413D9C00048B237 /* main.cpp */,
				661ECC232413DA7F0048B237 /* Game.cpp */,
				661ECC242413DA7F0048B237 /* Game.h */,
				661ECC1D2413D9C00048B237 /* Card.cpp */,
				661ECC1C2413D9C00048B237 /* Card.h */,
				661ECC1E2413D9C00048B237 /* Deck.cpp */,
				661ECC1F2413D9C00048B237 /* Deck.h */,
			);
			path = Engine;
			sourceTree = "<group>";
		};
		6672B9B2241404CA00AF6433 /* Graphics */ = {
			isa = PBXGroup;
			children = (
				664447072415323200800420 /* GameDisplay.cpp */,
				664447082415323200800420 /* GameDisplay.h */,
				669D85322417B463000C6403 /* WelcomeDisplay.cpp */,
				669D85332417B463000C6403 /* WelcomeDisplay.h */,
				669D85352417B4A5000C6403 /* FinalDisplay.cpp */,
				669D85362417B4A5000C6403 /* FinalDisplay.h */,
			);
			path = Graphics;
			sourceTree = "<group>";
		};
/* End PBXGroup section */

/* Begin PBXNativeTarget section */
		661ECC072413D8FD0048B237 /* MemoryGame */ = {
			isa = PBXNativeTarget;
			buildConfigurationList = 661ECC0F2413D8FD0048B237 /* Build configuration list for PBXNativeTarget "MemoryGame" */;
			buildPhases = (
				661ECC042413D8FD0048B237 /* Sources */,
				661ECC052413D8FD0048B237 /* Frameworks */,
				661ECC062413D8FD0048B237 /* CopyFiles */,
				6644470424152C8900800420 /* Embed Libraries */,
			);
			buildRules = (
			);
			dependencies = (
			);
			name = MemoryGame;
			productName = MemoryGame;
			productReference = 661ECC082413D8FD0048B237 /* MemoryGame */;
			productType = "com.apple.product-type.tool";
		};
/* End PBXNativeTarget section */

/* Begin PBXProject section */
		661ECC002413D8FD0048B237 /* Project object */ = {
			isa = PBXProject;
			attributes = {
				LastUpgradeCheck = 1130;
				ORGANIZATIONNAME = "Angelika Jeziorska";
				TargetAttributes = {
					661ECC072413D8FD0048B237 = {
						CreatedOnToolsVersion = 11.3;
					};
				};
			};
			buildConfigurationList = 661ECC032413D8FD0048B237 /* Build configuration list for PBXProject "MemoryGame" */;
			compatibilityVersion = "Xcode 9.3";
			developmentRegion = en;
			hasScannedForEncodings = 0;
			knownRegions = (
				en,
				Base,
			);
			mainGroup = 661ECBFF2413D8FD0048B237;
			productRefGroup = 661ECC092413D8FD0048B237 /* Products */;
			projectDirPath = "";
			projectRoot = "";
			targets = (
				661ECC072413D8FD0048B237 /* MemoryGame */,
			);
		};
/* End PBXProject section */

/* Begin PBXSourcesBuildPhase section */
		661ECC042413D8FD0048B237 /* Sources */ = {
			isa = PBXSourcesBuildPhase;
			buildActionMask = 2147483647;
			files = (
				669D85372417B4A5000C6403 /* FinalDisplay.cpp in Sources */,
				661ECC222413D9C00048B237 /* Deck.cpp in Sources */,
				669D85342417B463000C6403 /* WelcomeDisplay.cpp in Sources */,
				661ECC202413D9C00048B237 /* main.cpp in Sources */,
				661ECC212413D9C00048B237 /* Card.cpp in Sources */,
				664447092415323200800420 /* GameDisplay.cpp in Sources */,
				661ECC252413DA7F0048B237 /* Game.cpp in Sources */,
			);
			runOnlyForDeploymentPostprocessing = 0;
		};
/* End PBXSourcesBuildPhase section */

/* Begin XCBuildConfiguration section */
		661ECC0D2413D8FD0048B237 /* Debug */ = {
			isa = XCBuildConfiguration;
			buildSettings = {
				ALWAYS_SEARCH_USER_PATHS = NO;
				CLANG_ANALYZER_NONNULL = YES;
				CLANG_ANALYZER_NUMBER_OBJECT_CONVERSION = YES_AGGRESSIVE;
				CLANG_CXX_LANGUAGE_STANDARD = "gnu++14";
				CLANG_CXX_LIBRARY = "libc++";
				CLANG_ENABLE_MODULES = YES;
				CLANG_ENABLE_OBJC_ARC = YES;
				CLANG_ENABLE_OBJC_WEAK = YES;
				CLANG_WARN_BLOCK_CAPTURE_AUTORELEASING = YES;
				CLANG_WARN_BOOL_CONVERSION = YES;
				CLANG_WARN_COMMA = YES;
				CLANG_WARN_CONSTANT_CONVERSION = YES;
				CLANG_WARN_DEPRECATED_OBJC_IMPLEMENTATIONS = YES;
				CLANG_WARN_DIRECT_OBJC_ISA_USAGE = YES_ERROR;
				CLANG_WARN_DOCUMENTATION_COMMENTS = YES;
				CLANG_WARN_EMPTY_BODY = YES;
				CLANG_WARN_ENUM_CONVERSION = YES;
				CLANG_WARN_INFINITE_RECURSION = YES;
				CLANG_WARN_INT_CONVERSION = YES;
				CLANG_WARN_NON_LITERAL_NULL_CONVERSION = YES;
				CLANG_WARN_OBJC_IMPLICIT_RETAIN_SELF = YES;
				CLANG_WARN_OBJC_LITERAL_CONVERSION = YES;
				CLANG_WARN_OBJC_ROOT_CLASS = YES_ERROR;
				CLANG_WARN_RANGE_LOOP_ANALYSIS = YES;
				CLANG_WARN_STRICT_PROTOTYPES = YES;
				CLANG_WARN_SUSPICIOUS_MOVE = YES;
				CLANG_WARN_UNGUARDED_AVAILABILITY = YES_AGGRESSIVE;
				CLANG_WARN_UNREACHABLE_CODE = YES;
				CLANG_WARN__DUPLICATE_METHOD_MATCH = YES;
				COPY_PHASE_STRIP = NO;
				DEBUG_INFORMATION_FORMAT = dwarf;
				ENABLE_STRICT_OBJC_MSGSEND = YES;
				ENABLE_TESTABILITY = YES;
				GCC_C_LANGUAGE_STANDARD = gnu11;
				GCC_DYNAMIC_NO_PIC = NO;
				GCC_NO_COMMON_BLOCKS = YES;
				GCC_OPTIMIZATION_LEVEL = 0;
				GCC_PREPROCESSOR_DEFINITIONS = (
					"DEBUG=1",
					"$(inherited)",
				);
				GCC_WARN_64_TO_32_BIT_CONVERSION = YES;
				GCC_WARN_ABOUT_RETURN_TYPE = YES_ERROR;
				GCC_WARN_UNDECLARED_SELECTOR = YES;
				GCC_WARN_UNINITIALIZED_AUTOS = YES_AGGRESSIVE;
				GCC_WARN_UNUSED_FUNCTION = YES;
				GCC_WARN_UNUSED_VARIABLE = YES;
				MACOSX_DEPLOYMENT_TARGET = 10.15;
				MTL_ENABLE_DEBUG_INFO = INCLUDE_SOURCE;
				MTL_FAST_MATH = YES;
				ONLY_ACTIVE_ARCH = YES;
				SDKROOT = macosx;
			};
			name = Debug;
		};
		661ECC0E2413D8FD0048B237 /* Release */ = {
			isa = XCBuildConfiguration;
			buildSettings = {
				ALWAYS_SEARCH_USER_PATHS = NO;
				CLANG_ANALYZER_NONNULL = YES;
				CLANG_ANALYZER_NUMBER_OBJECT_CONVERSION = YES_AGGRESSIVE;
				CLANG_CXX_LANGUAGE_STANDARD = "gnu++14";
				CLANG_CXX_LIBRARY = "libc++";
				CLANG_ENABLE_MODULES = YES;
				CLANG_ENABLE_OBJC_ARC = YES;
				CLANG_ENABLE_OBJC_WEAK = YES;
				CLANG_WARN_BLOCK_CAPTURE_AUTORELEASING = YES;
				CLANG_WARN_BOOL_CONVERSION = YES;
				CLANG_WARN_COMMA = YES;
				CLANG_WARN_CONSTANT_CONVERSION = YES;
				CLANG_WARN_DEPRECATED_OBJC_IMPLEMENTATIONS = YES;
				CLANG_WARN_DIRECT_OBJC_ISA_USAGE = YES_ERROR;
				CLANG_WARN_DOCUMENTATION_COMMENTS = YES;
				CLANG_WARN_EMPTY_BODY = YES;
				CLANG_WARN_ENUM_CONVERSION = YES;
				CLANG_WARN_INFINITE_RECURSION = YES;
				CLANG_WARN_INT_CONVERSION = YES;
				CLANG_WARN_NON_LITERAL_NULL_CONVERSION = YES;
				CLANG_WARN_OBJC_IMPLICIT_RETAIN_SELF = YES;
				CLANG_WARN_OBJC_LITERAL_CONVERSION = YES;
				CLANG_WARN_OBJC_ROOT_CLASS = YES_ERROR;
				CLANG_WARN_RANGE_LOOP_ANALYSIS = YES;
				CLANG_WARN_STRICT_PROTOTYPES = YES;
				CLANG_WARN_SUSPICIOUS_MOVE = YES;
				CLANG_WARN_UNGUARDED_AVAILABILITY = YES_AGGRESSIVE;
				CLANG_WARN_UNREACHABLE_CODE = YES;
				CLANG_WARN__DUPLICATE_METHOD_MATCH = YES;
				COPY_PHASE_STRIP = NO;
				DEBUG_INFORMATION_FORMAT = "dwarf-with-dsym";
				ENABLE_NS_ASSERTIONS = NO;
				ENABLE_STRICT_OBJC_MSGSEND = YES;
				GCC_C_LANGUAGE_STANDARD = gnu11;
				GCC_NO_COMMON_BLOCKS = YES;
				GCC_WARN_64_TO_32_BIT_CONVERSION = YES;
				GCC_WARN_ABOUT_RETURN_TYPE = YES_ERROR;
				GCC_WARN_UNDECLARED_SELECTOR = YES;
				GCC_WARN_UNINITIALIZED_AUTOS = YES_AGGRESSIVE;
				GCC_WARN_UNUSED_FUNCTION = YES;
				GCC_WARN_UNUSED_VARIABLE = YES;
				MACOSX_DEPLOYMENT_TARGET = 10.15;
				MTL_ENABLE_DEBUG_INFO = NO;
				MTL_FAST_MATH = YES;
				SDKROOT = macosx;
			};
			name = Release;
		};
		661ECC102413D8FD0048B237 /* Debug */ = {
			isa = XCBuildConfiguration;
			buildSettings = {
				CODE_SIGN_ENTITLEMENTS = MemoryGame/MemoryGame.entitlements;
				CODE_SIGN_STYLE = Automatic;
				DEVELOPMENT_TEAM = 5TNJW87CR7;
				ENABLE_HARDENED_RUNTIME = YES;
				FRAMEWORK_SEARCH_PATHS = /Library/Frameworks;
				HEADER_SEARCH_PATHS = /usr/local/include;
				LIBRARY_SEARCH_PATHS = (
					"$(inherited)",
					/usr/local/Cellar/allegro/5.2.6.0/lib,
				);
				OTHER_LDFLAGS = "";
				PRODUCT_NAME = "$(TARGET_NAME)";
			};
			name = Debug;
		};
		661ECC112413D8FD0048B237 /* Release */ = {
			isa = XCBuildConfiguration;
			buildSettings = {
				CODE_SIGN_ENTITLEMENTS = MemoryGame/MemoryGame.entitlements;
				CODE_SIGN_STYLE = Automatic;
				DEVELOPMENT_TEAM = 5TNJW87CR7;
				ENABLE_HARDENED_RUNTIME = YES;
				FRAMEWORK_SEARCH_PATHS = /Library/Frameworks;
				HEADER_SEARCH_PATHS = /usr/local/include;
				LIBRARY_SEARCH_PATHS = (
					"$(inherited)",
					/usr/local/Cellar/allegro/5.2.6.0/lib,
				);
				OTHER_LDFLAGS = "";
				PRODUCT_NAME = "$(TARGET_NAME)";
			};
			name = Release;
		};
/* End XCBuildConfiguration section */

/* Begin XCConfigurationList section */
		661ECC032413D8FD0048B237 /* Build configuration list for PBXProject "MemoryGame" */ = {
			isa = XCConfigurationList;
			buildConfigurations = (
				661ECC0D2413D8FD0048B237 /* Debug */,
				661ECC0E2413D8FD0048B237 /* Release */,
			);
			defaultConfigurationIsVisible = 0;
			defaultConfigurationName = Release;
		};
		661ECC0F2413D8FD0048B237 /* Build configuration list for PBXNativeTarget "MemoryGame" */ = {
			isa = XCConfigurationList;
			buildConfigurations = (
				661ECC102413D8FD0048B237 /* Debug */,
				661ECC112413D8FD0048B237 /* Release */,
			);
			defaultConfigurationIsVisible = 0;
			defaultConfigurationName = Release;
		};
/* End XCConfigurationList section */
	};
	rootObject = 661ECC002413D8FD0048B237 /* Project object */;
}
